
Microsoft Visual Studio Solution File, Format Version 12.00
# Visual Studio Version 16
VisualStudioVersion = 16.0.31019.35
MinimumVisualStudioVersion = 10.0.40219.1
Project("{FAE04EC0-301F-11D3-BF4B-00C04F79EFBC}") = "cukraszda", "cukraszda\cukraszda.csproj", "{69207B1D-401B-419F-A752-16FEB8A58B9B}"
EndProject
Global
	GlobalSection(SolutionConfigurationPlatforms) = preSolution
		Debug|Any CPU = Debug|Any CPU
		Release|Any CPU = Release|Any CPU
	EndGlobalSection
	GlobalSection(ProjectConfigurationPlatforms) = postSolution
		{69207B1D-401B-419F-A752-16FEB8A58B9B}.Debug|Any CPU.ActiveCfg = Debug|Any CPU
		{69207B1D-401B-419F-A752-16FEB8A58B9B}.Debug|Any CPU.Build.0 = Debug|Any CPU
		{69207B1D-401B-419F-A752-16FEB8A58B9B}.Release|Any CPU.ActiveCfg = Release|Any CPU
		{69207B1D-401B-419F-A752-16FEB8A58B9B}.Release|Any CPU.Build.0 = Release|Any CPU
	EndGlobalSection
	GlobalSection(SolutionProperties) = preSolution
		HideSolutionNode = FALSE
	EndGlobalSection
	GlobalSection(ExtensibilityGlobals) = postSolution
		SolutionGuid = {E9DE7D87-8F36-4E99-9F29-5801BDD71066}
	EndGlobalSection
EndGlobal
